
Microsoft Visual Studio Solution File, Format Version 12.00
# Visual Studio Version 17
VisualStudioVersion = 17.2.32630.192
MinimumVisualStudioVersion = 10.0.40219.1
Project("{9A19103F-16F7-4668-BE54-9A1E7A4F7556}") = "F10Y.Z0005.Construction", "F10Y.Z0005.Construction\F10Y.Z0005.Construction.csproj", "{E22C7DEF-58B7-40E3-A886-D2E4AF16FA6C}"
EndProject
Project("{9A19103F-16F7-4668-BE54-9A1E7A4F7556}") = "F10Y.Z0005", "F10Y.Z0005\F10Y.Z0005.csproj", "{6FA33F63-7EB6-4A65-A44B-CED71313D62A}"
EndProject
Global
	GlobalSection(SolutionConfigurationPlatforms) = preSolution
		Debug|Any CPU = Debug|Any CPU
		Release|Any CPU = Release|Any CPU
	EndGlobalSection
	GlobalSection(ProjectConfigurationPlatforms) = postSolution
		{E22C7DEF-58B7-40E3-A886-D2E4AF16FA6C}.Debug|Any CPU.ActiveCfg = Debug|Any CPU
		{E22C7DEF-58B7-40E3-A886-D2E4AF16FA6C}.Debug|Any CPU.Build.0 = Debug|Any CPU
		{E22C7DEF-58B7-40E3-A886-D2E4AF16FA6C}.Release|Any CPU.ActiveCfg = Release|Any CPU
		{E22C7DEF-58B7-40E3-A886-D2E4AF16FA6C}.Release|Any CPU.Build.0 = Release|Any CPU
		{6FA33F63-7EB6-4A65-A44B-CED71313D62A}.Debug|Any CPU.ActiveCfg = Debug|Any CPU
		{6FA33F63-7EB6-4A65-A44B-CED71313D62A}.Debug|Any CPU.Build.0 = Debug|Any CPU
		{6FA33F63-7EB6-4A65-A44B-CED71313D62A}.Release|Any CPU.ActiveCfg = Release|Any CPU
		{6FA33F63-7EB6-4A65-A44B-CED71313D62A}.Release|Any CPU.Build.0 = Release|Any CPU
	EndGlobalSection
	GlobalSection(SolutionProperties) = preSolution
		HideSolutionNode = FALSE
	EndGlobalSection
	GlobalSection(ExtensibilityGlobals) = postSolution
		SolutionGuid = {C60BAB64-F6EB-4D4D-A5A3-93501963F63B}
	EndGlobalSection
EndGlobal
